
Microsoft Visual Studio Solution File, Format Version 12.00
# Visual Studio Version 17
VisualStudioVersion = 17.7.34031.279
MinimumVisualStudioVersion = 10.0.40219.1
Project("{FAE04EC0-301F-11D3-BF4B-00C04F79EFBC}") = "MongoBasedWeb", "MongoBasedWeb.csproj", "{C12EC446-AE38-4E0B-8102-7CC1588CC67B}"
EndProject
Global
	GlobalSection(SolutionConfigurationPlatforms) = preSolution
		Debug|Any CPU = Debug|Any CPU
		Release|Any CPU = Release|Any CPU
	EndGlobalSection
	GlobalSection(ProjectConfigurationPlatforms) = postSolution
		{C12EC446-AE38-4E0B-8102-7CC1588CC67B}.Debug|Any CPU.ActiveCfg = Debug|Any CPU
		{C12EC446-AE38-4E0B-8102-7CC1588CC67B}.Debug|Any CPU.Build.0 = Debug|Any CPU
		{C12EC446-AE38-4E0B-8102-7CC1588CC67B}.Release|Any CPU.ActiveCfg = Release|Any CPU
		{C12EC446-AE38-4E0B-8102-7CC1588CC67B}.Release|Any CPU.Build.0 = Release|Any CPU
	EndGlobalSection
	GlobalSection(SolutionProperties) = preSolution
		HideSolutionNode = FALSE
	EndGlobalSection
	GlobalSection(ExtensibilityGlobals) = postSolution
		SolutionGuid = {2AF04214-50DB-4B14-BFEE-94852434430E}
	EndGlobalSection
EndGlobal
